{
  "requires": true,
  "lockfileVersion": 1,
  "dependencies": {
    "@actions/core": {
      "version": "1.5.0",
      "resolved": "https://registry.npmjs.org/@actions/core/-/core-1.5.0.tgz",
      "integrity": "sha512-eDOLH1Nq9zh+PJlYLqEMkS/jLQxhksPNmUGNBHfa4G+tQmnIhzpctxmchETtVGyBOvXgOVVpYuE40+eS4cUnwQ=="
    },
    "@k15g/xslt-schxslt-saxonjs-2.3": {
      "version": "1.7.4",
      "resolved": "https://npm.pkg.github.com/download/@k15g/xslt-schxslt-saxonjs-2.3/1.7.4/9b7f8d3ebd60c573a78c4c05e0a93fdec6769bb924605fc88b03424d8b84f2e7",
      "integrity": "sha512-AwGZZ9Rf77SBx/gTfGqT2SgwhAwxKdUstaReFDZOJRfI5nWTHzGvfhnORwRHWwMAr0NlgGkQyAleF9H1t6fdng=="
    },
    "@types/js-yaml": {
      "version": "4.0.3",
      "resolved": "https://registry.npmjs.org/@types/js-yaml/-/js-yaml-4.0.3.tgz",
      "integrity": "sha512-5t9BhoORasuF5uCPr+d5/hdB++zRFUTMIZOzbNkr+jZh3yQht4HYbRDyj9fY8n2TZT30iW9huzav73x4NikqWg==",
      "dev": true
    },
    "@types/node": {
      "version": "16.7.10",
      "resolved": "https://registry.npmjs.org/@types/node/-/node-16.7.10.tgz",
      "integrity": "sha512-S63Dlv4zIPb8x6MMTgDq5WWRJQe56iBEY0O3SOFA9JrRienkOVDXSXBjjJw6HTNQYSE2JI6GMCR6LVbIMHJVvA==",
      "dev": true
    },
    "argparse": {
      "version": "2.0.1",
      "resolved": "https://registry.npmjs.org/argparse/-/argparse-2.0.1.tgz",
      "integrity": "sha512-8+9WqebbFzpX9OR+Wa6O29asIogeRMzcGtAINdpMHHyAg10f05aSFVBbcEqGf/PXw1EjAZ+q2/bEBg3DvurK3Q=="
    },
    "axios": {
      "version": "0.21.3",
      "resolved": "https://registry.npmjs.org/axios/-/axios-0.21.3.tgz",
      "integrity": "sha512-JtoZ3Ndke/+Iwt5n+BgSli/3idTvpt5OjKyoCmz4LX5+lPiY5l7C1colYezhlxThjNa/NhngCUWZSZFypIFuaA==",
      "requires": {
        "follow-redirects": "^1.14.0"
      }
    },
    "follow-redirects": {
      "version": "1.14.3",
      "resolved": "https://registry.npmjs.org/follow-redirects/-/follow-redirects-1.14.3.tgz",
      "integrity": "sha512-3MkHxknWMUtb23apkgz/83fDoe+y+qr0TdgacGIA7bew+QLBo3vdgEN2xEsuXNivpFy4CyDhBBZnNZOtalmenw=="
    },
    "js-yaml": {
      "version": "4.1.0",
      "resolved": "https://registry.npmjs.org/js-yaml/-/js-yaml-4.1.0.tgz",
      "integrity": "sha512-wpxZs9NoxZaJESJGIZTyDEaYpl0FKSA+FB9aJiyemKhMwkxQg63h4T1KJgUGHpTqPDNRcmmYLugrRjJlBtWvRA==",
      "requires": {
        "argparse": "^2.0.1"
      }
    },
    "saxon-js": {
      "version": "2.3.0",
      "resolved": "https://registry.npmjs.org/saxon-js/-/saxon-js-2.3.0.tgz",
      "integrity": "sha512-kNmXUkiQjJnk6sxdVNBhNxk4nwwZ5ZxHu+AyqxVgyiDaQoMbEOI8xO8eyEpbXF7/KAxJBGJCgKRUHT340Imp6Q==",
      "requires": {
        "axios": "^0.21.1"
      }
    },
    "typescript": {
      "version": "4.4.2",
      "resolved": "https://registry.npmjs.org/typescript/-/typescript-4.4.2.tgz",
      "integrity": "sha512-gzP+t5W4hdy4c+68bfcv0t400HVJMMd2+H9B7gae1nQlBzCqvrXX+6GL/b3GAgyTH966pzrZ70/fRjwAtZksSQ==",
      "dev": true
    }
  }
}
